
Microsoft Visual Studio Solution File, Format Version 12.00
# Visual Studio Version 17
VisualStudioVersion = 17.11.35219.272
MinimumVisualStudioVersion = 10.0.40219.1
Project("{FAE04EC0-301F-11D3-BF4B-00C04F79EFBC}") = "noteApp", "noteApp.csproj", "{0DAEA73A-4212-4CBA-BA4F-34AB3838316D}"
EndProject
Global
	GlobalSection(SolutionConfigurationPlatforms) = preSolution
		Debug|Any CPU = Debug|Any CPU
		Release|Any CPU = Release|Any CPU
	EndGlobalSection
	GlobalSection(ProjectConfigurationPlatforms) = postSolution
		{0DAEA73A-4212-4CBA-BA4F-34AB3838316D}.Debug|Any CPU.ActiveCfg = Debug|Any CPU
		{0DAEA73A-4212-4CBA-BA4F-34AB3838316D}.Debug|Any CPU.Build.0 = Debug|Any CPU
		{0DAEA73A-4212-4CBA-BA4F-34AB3838316D}.Debug|Any CPU.Deploy.0 = Debug|Any CPU
		{0DAEA73A-4212-4CBA-BA4F-34AB3838316D}.Release|Any CPU.ActiveCfg = Release|Any CPU
		{0DAEA73A-4212-4CBA-BA4F-34AB3838316D}.Release|Any CPU.Build.0 = Release|Any CPU
		{0DAEA73A-4212-4CBA-BA4F-34AB3838316D}.Release|Any CPU.Deploy.0 = Release|Any CPU
	EndGlobalSection
	GlobalSection(SolutionProperties) = preSolution
		HideSolutionNode = FALSE
	EndGlobalSection
	GlobalSection(ExtensibilityGlobals) = postSolution
		SolutionGuid = {19148CAA-A2B6-4496-B7C8-0A76236EC9F4}
	EndGlobalSection
EndGlobal
